
Microsoft Visual Studio Solution File, Format Version 12.00
# Visual Studio Version 16
VisualStudioVersion = 16.0.30503.244
MinimumVisualStudioVersion = 10.0.40219.1
Project("{FAE04EC0-301F-11D3-BF4B-00C04F79EFBC}") = "AspNetCoreIdentity.App", "src\AspNetCoreIdentity.App\AspNetCoreIdentity.App.csproj", "{3F90275A-B3F8-414F-80EA-38571A409633}"
EndProject
Global
	GlobalSection(SolutionConfigurationPlatforms) = preSolution
		Debug|Any CPU = Debug|Any CPU
		Release|Any CPU = Release|Any CPU
	EndGlobalSection
	GlobalSection(ProjectConfigurationPlatforms) = postSolution
		{3F90275A-B3F8-414F-80EA-38571A409633}.Debug|Any CPU.ActiveCfg = Debug|Any CPU
		{3F90275A-B3F8-414F-80EA-38571A409633}.Debug|Any CPU.Build.0 = Debug|Any CPU
		{3F90275A-B3F8-414F-80EA-38571A409633}.Release|Any CPU.ActiveCfg = Release|Any CPU
		{3F90275A-B3F8-414F-80EA-38571A409633}.Release|Any CPU.Build.0 = Release|Any CPU
	EndGlobalSection
	GlobalSection(SolutionProperties) = preSolution
		HideSolutionNode = FALSE
	EndGlobalSection
	GlobalSection(ExtensibilityGlobals) = postSolution
		SolutionGuid = {51D4A4F0-6AD9-4DC3-A60A-E91A262B83AB}
	EndGlobalSection
EndGlobal
